// !$*UTF8*$!
{
	archiveVersion = 1;
	classes = {
	};
	objectVersion = 55;
	objects = {

/* Begin PBXBuildFile section */
		4FCD507628C5F02A00DAA260 /* AppDelegate.m in Sources */ = {isa = PBXBuildFile; fileRef = 4FCD507528C5F02A00DAA260 /* AppDelegate.m */; };
		4FCD507928C5F02A00DAA260 /* SceneDelegate.m in Sources */ = {isa = PBXBuildFile; fileRef = 4FCD507828C5F02A00DAA260 /* SceneDelegate.m */; };
		4FCD507C28C5F02A00DAA260 /* ViewController.m in Sources */ = {isa = PBXBuildFile; fileRef = 4FCD507B28C5F02A00DAA260 /* ViewController.m */; };
		4FCD508128C5F02B00DAA260 /* Assets.xcassets in Resources */ = {isa = PBXBuildFile; fileRef = 4FCD508028C5F02B00DAA260 /* Assets.xcassets */; };
		4FCD508428C5F02B00DAA260 /* LaunchScreen.storyboard in Resources */ = {isa = PBXBuildFile; fileRef = 4FCD508228C5F02B00DAA260 /* LaunchScreen.storyboard */; };
		4FCD508728C5F02B00DAA260 /* main.m in Sources */ = {isa = PBXBuildFile; fileRef = 4FCD508628C5F02B00DAA260 /* main.m */; };
		4FEACABD28C63A49007C6B7A /* UIView+Swizzle_UISlideriOSVisualElement.m in Sources */ = {isa = PBXBuildFile; fileRef = 4FEACABC28C63A49007C6B7A /* UIView+Swizzle_UISlideriOSVisualElement.m */; };
		4FEACAC028C63C66007C6B7A /* UISlider+trackLocatedAtTheCenter.m in Sources */ = {isa = PBXBuildFile; fileRef = 4FEACABF28C63C66007C6B7A /* UISlider+trackLocatedAtTheCenter.m */; };
/* End PBXBuildFile section */

/* Begin PBXFileReference section */
		4F7DBA9528C642FB00E807CE /* UISliderCustomTrack.entitlements */ = {isa = PBXFileReference; lastKnownFileType = text.plist.entitlements; path = UISliderCustomTrack.entitlements; sourceTree = "<group>"; };
		4FCD507128C5F02A00DAA260 /* UISliderCustomTrack.app */ = {isa = PBXFileReference; explicitFileType = wrapper.application; includeInIndex = 0; path = UISliderCustomTrack.app; sourceTree = BUILT_PRODUCTS_DIR; };
		4FCD507428C5F02A00DAA260 /* AppDelegate.h */ = {isa = PBXFileReference; lastKnownFileType = sourcecode.c.h; path = AppDelegate.h; sourceTree = "<group>"; };
		4FCD507528C5F02A00DAA260 /* AppDelegate.m */ = {isa = PBXFileReference; lastKnownFileType = sourcecode.c.objc; path = AppDelegate.m; sourceTree = "<group>"; };
		4FCD507728C5F02A00DAA260 /* SceneDelegate.h */ = {isa = PBXFileReference; lastKnownFileType = sourcecode.c.h; path = SceneDelegate.h; sourceTree = "<group>"; };
		4FCD507828C5F02A00DAA260 /* SceneDelegate.m */ = {isa = PBXFileReference; lastKnownFileType = sourcecode.c.objc; path = SceneDelegate.m; sourceTree = "<group>"; };
		4FCD507A28C5F02A00DAA260 /* ViewController.h */ = {isa = PBXFileReference; lastKnownFileType = sourcecode.c.h; path = ViewController.h; sourceTree = "<group>"; };
		4FCD507B28C5F02A00DAA260 /* ViewController.m */ = {isa = PBXFileReference; lastKnownFileType = sourcecode.c.objc; path = ViewController.m; sourceTree = "<group>"; };
		4FCD508028C5F02B00DAA260 /* Assets.xcassets */ = {isa = PBXFileReference; lastKnownFileType = folder.assetcatalog; path = Assets.xcassets; sourceTree = "<group>"; };
		4FCD508328C5F02B00DAA260 /* Base */ = {isa = PBXFileReference; lastKnownFileType = file.storyboard; name = Base; path = Base.lproj/LaunchScreen.storyboard; sourceTree = "<group>"; };
		4FCD508528C5F02B00DAA260 /* Info.plist */ = {isa = PBXFileReference; lastKnownFileType = text.plist.xml; path = Info.plist; sourceTree = "<group>"; };
		4FCD508628C5F02B00DAA260 /* main.m */ = {isa = PBXFileReference; lastKnownFileType = sourcecode.c.objc; path = main.m; sourceTree = "<group>"; };
		4FEACABC28C63A49007C6B7A /* UIView+Swizzle_UISlideriOSVisualElement.m */ = {isa = PBXFileReference; lastKnownFileType = sourcecode.c.objc; path = "UIView+Swizzle_UISlideriOSVisualElement.m"; sourceTree = "<group>"; };
		4FEACABE28C63C66007C6B7A /* UISlider+trackLocatedAtTheCenter.h */ = {isa = PBXFileReference; lastKnownFileType = sourcecode.c.h; path = "UISlider+trackLocatedAtTheCenter.h"; sourceTree = "<group>"; };
		4FEACABF28C63C66007C6B7A /* UISlider+trackLocatedAtTheCenter.m */ = {isa = PBXFileReference; lastKnownFileType = sourcecode.c.objc; path = "UISlider+trackLocatedAtTheCenter.m"; sourceTree = "<group>"; };
/* End PBXFileReference section */

/* Begin PBXFrameworksBuildPhase section */
		4FCD506E28C5F02A00DAA260 /* Frameworks */ = {
			isa = PBXFrameworksBuildPhase;
			buildActionMask = 2147483647;
			files = (
			);
			runOnlyForDeploymentPostprocessing = 0;
		};
/* End PBXFrameworksBuildPhase section */

/* Begin PBXGroup section */
		4FCD506828C5F02A00DAA260 = {
			isa = PBXGroup;
			children = (
				4FCD507328C5F02A00DAA260 /* UISliderCustomTrack */,
				4FCD507228C5F02A00DAA260 /* Products */,
			);
			sourceTree = "<group>";
		};
		4FCD507228C5F02A00DAA260 /* Products */ = {
			isa = PBXGroup;
			children = (
				4FCD507128C5F02A00DAA260 /* UISliderCustomTrack.app */,
			);
			name = Products;
			sourceTree = "<group>";
		};
		4FCD507328C5F02A00DAA260 /* UISliderCustomTrack */ = {
			isa = PBXGroup;
			children = (
				4F7DBA9528C642FB00E807CE /* UISliderCustomTrack.entitlements */,
				4FCD507428C5F02A00DAA260 /* AppDelegate.h */,
				4FCD507528C5F02A00DAA260 /* AppDelegate.m */,
				4FCD507728C5F02A00DAA260 /* SceneDelegate.h */,
				4FCD507828C5F02A00DAA260 /* SceneDelegate.m */,
				4FCD507A28C5F02A00DAA260 /* ViewController.h */,
				4FCD507B28C5F02A00DAA260 /* ViewController.m */,
				4FCD508028C5F02B00DAA260 /* Assets.xcassets */,
				4FCD508228C5F02B00DAA260 /* LaunchScreen.storyboard */,
				4FCD508528C5F02B00DAA260 /* Info.plist */,
				4FCD508628C5F02B00DAA260 /* main.m */,
				4FEACABC28C63A49007C6B7A /* UIView+Swizzle_UISlideriOSVisualElement.m */,
				4FEACABE28C63C66007C6B7A /* UISlider+trackLocatedAtTheCenter.h */,
				4FEACABF28C63C66007C6B7A /* UISlider+trackLocatedAtTheCenter.m */,
			);
			path = UISliderCustomTrack;
			sourceTree = "<group>";
		};
/* End PBXGroup section */

/* Begin PBXNativeTarget section */
		4FCD507028C5F02A00DAA260 /* UISliderCustomTrack */ = {
			isa = PBXNativeTarget;
			buildConfigurationList = 4FCD508A28C5F02B00DAA260 /* Build configuration list for PBXNativeTarget "UISliderCustomTrack" */;
			buildPhases = (
				4FCD506D28C5F02A00DAA260 /* Sources */,
				4FCD506E28C5F02A00DAA260 /* Frameworks */,
				4FCD506F28C5F02A00DAA260 /* Resources */,
			);
			buildRules = (
			);
			dependencies = (
			);
			name = UISliderCustomTrack;
			productName = UISliderCustomTrack;
			productReference = 4FCD507128C5F02A00DAA260 /* UISliderCustomTrack.app */;
			productType = "com.apple.product-type.application";
		};
/* End PBXNativeTarget section */

/* Begin PBXProject section */
		4FCD506928C5F02A00DAA260 /* Project object */ = {
			isa = PBXProject;
			attributes = {
				BuildIndependentTargetsInParallel = 1;
				LastUpgradeCheck = 1400;
				TargetAttributes = {
					4FCD507028C5F02A00DAA260 = {
						CreatedOnToolsVersion = 14.0;
					};
				};
			};
			buildConfigurationList = 4FCD506C28C5F02A00DAA260 /* Build configuration list for PBXProject "UISliderCustomTrack" */;
			compatibilityVersion = "Xcode 13.0";
			developmentRegion = en;
			hasScannedForEncodings = 0;
			knownRegions = (
				en,
				Base,
			);
			mainGroup = 4FCD506828C5F02A00DAA260;
			productRefGroup = 4FCD507228C5F02A00DAA260 /* Products */;
			projectDirPath = "";
			projectRoot = "";
			targets = (
				4FCD507028C5F02A00DAA260 /* UISliderCustomTrack */,
			);
		};
/* End PBXProject section */

/* Begin PBXResourcesBuildPhase section */
		4FCD506F28C5F02A00DAA260 /* Resources */ = {
			isa = PBXResourcesBuildPhase;
			buildActionMask = 2147483647;
			files = (
				4FCD508428C5F02B00DAA260 /* LaunchScreen.storyboard in Resources */,
				4FCD508128C5F02B00DAA260 /* Assets.xcassets in Resources */,
			);
			runOnlyForDeploymentPostprocessing = 0;
		};
/* End PBXResourcesBuildPhase section */

/* Begin PBXSourcesBuildPhase section */
		4FCD506D28C5F02A00DAA260 /* Sources */ = {
			isa = PBXSourcesBuildPhase;
			buildActionMask = 2147483647;
			files = (
				4FCD507C28C5F02A00DAA260 /* ViewController.m in Sources */,
				4FCD507628C5F02A00DAA260 /* AppDelegate.m in Sources */,
				4FEACABD28C63A49007C6B7A /* UIView+Swizzle_UISlideriOSVisualElement.m in Sources */,
				4FEACAC028C63C66007C6B7A /* UISlider+trackLocatedAtTheCenter.m in Sources */,
				4FCD508728C5F02B00DAA260 /* main.m in Sources */,
				4FCD507928C5F02A00DAA260 /* SceneDelegate.m in Sources */,
			);
			runOnlyForDeploymentPostprocessing = 0;
		};
/* End PBXSourcesBuildPhase section */

/* Begin PBXVariantGroup section */
		4FCD508228C5F02B00DAA260 /* LaunchScreen.storyboard */ = {
			isa = PBXVariantGroup;
			children = (
				4FCD508328C5F02B00DAA260 /* Base */,
			);
			name = LaunchScreen.storyboard;
			sourceTree = "<group>";
		};
/* End PBXVariantGroup section */

/* Begin XCBuildConfiguration section */
		4FCD508828C5F02B00DAA260 /* Debug */ = {
			isa = XCBuildConfiguration;
			buildSettings = {
				ALWAYS_SEARCH_USER_PATHS = NO;
				CLANG_ANALYZER_NONNULL = YES;
				CLANG_ANALYZER_NUMBER_OBJECT_CONVERSION = YES_AGGRESSIVE;
				CLANG_CXX_LANGUAGE_STANDARD = "gnu++20";
				CLANG_ENABLE_MODULES = YES;
				CLANG_ENABLE_OBJC_ARC = NO;
				CLANG_ENABLE_OBJC_WEAK = YES;
				CLANG_WARN_BLOCK_CAPTURE_AUTORELEASING = YES;
				CLANG_WARN_BOOL_CONVERSION = YES;
				CLANG_WARN_COMMA = YES;
				CLANG_WARN_CONSTANT_CONVERSION = YES;
				CLANG_WARN_DEPRECATED_OBJC_IMPLEMENTATIONS = YES;
				CLANG_WARN_DIRECT_OBJC_ISA_USAGE = YES_ERROR;
				CLANG_WARN_DOCUMENTATION_COMMENTS = YES;
				CLANG_WARN_EMPTY_BODY = YES;
				CLANG_WARN_ENUM_CONVERSION = YES;
				CLANG_WARN_INFINITE_RECURSION = YES;
				CLANG_WARN_INT_CONVERSION = YES;
				CLANG_WARN_NON_LITERAL_NULL_CONVERSION = YES;
				CLANG_WARN_OBJC_IMPLICIT_RETAIN_SELF = YES;
				CLANG_WARN_OBJC_LITERAL_CONVERSION = YES;
				CLANG_WARN_OBJC_ROOT_CLASS = YES_ERROR;
				CLANG_WARN_QUOTED_INCLUDE_IN_FRAMEWORK_HEADER = YES;
				CLANG_WARN_RANGE_LOOP_ANALYSIS = YES;
				CLANG_WARN_STRICT_PROTOTYPES = YES;
				CLANG_WARN_SUSPICIOUS_MOVE = YES;
				CLANG_WARN_UNGUARDED_AVAILABILITY = YES_AGGRESSIVE;
				CLANG_WARN_UNREACHABLE_CODE = YES;
				CLANG_WARN__DUPLICATE_METHOD_MATCH = YES;
				COPY_PHASE_STRIP = NO;
				DEBUG_INFORMATION_FORMAT = dwarf;
				ENABLE_STRICT_OBJC_MSGSEND = YES;
				ENABLE_TESTABILITY = YES;
				GCC_C_LANGUAGE_STANDARD = gnu11;
				GCC_DYNAMIC_NO_PIC = NO;
				GCC_NO_COMMON_BLOCKS = YES;
				GCC_OPTIMIZATION_LEVEL = 0;
				GCC_PREPROCESSOR_DEFINITIONS = (
					"DEBUG=1",
					"$(inherited)",
				);
				GCC_WARN_64_TO_32_BIT_CONVERSION = YES;
				GCC_WARN_ABOUT_RETURN_TYPE = YES_ERROR;
				GCC_WARN_UNDECLARED_SELECTOR = YES;
				GCC_WARN_UNINITIALIZED_AUTOS = YES_AGGRESSIVE;
				GCC_WARN_UNUSED_FUNCTION = YES;
				GCC_WARN_UNUSED_VARIABLE = YES;
				IPHONEOS_DEPLOYMENT_TARGET = 13.0;
				MTL_ENABLE_DEBUG_INFO = INCLUDE_SOURCE;
				MTL_FAST_MATH = YES;
				ONLY_ACTIVE_ARCH = YES;
				SDKROOT = iphoneos;
			};
			name = Debug;
		};
		4FCD508928C5F02B00DAA260 /* Release */ = {
			isa = XCBuildConfiguration;
			buildSettings = {
				ALWAYS_SEARCH_USER_PATHS = NO;
				CLANG_ANALYZER_NONNULL = YES;
				CLANG_ANALYZER_NUMBER_OBJECT_CONVERSION = YES_AGGRESSIVE;
				CLANG_CXX_LANGUAGE_STANDARD = "gnu++20";
				CLANG_ENABLE_MODULES = YES;
				CLANG_ENABLE_OBJC_ARC = NO;
				CLANG_ENABLE_OBJC_WEAK = YES;
				CLANG_WARN_BLOCK_CAPTURE_AUTORELEASING = YES;
				CLANG_WARN_BOOL_CONVERSION = YES;
				CLANG_WARN_COMMA = YES;
				CLANG_WARN_CONSTANT_CONVERSION = YES;
				CLANG_WARN_DEPRECATED_OBJC_IMPLEMENTATIONS = YES;
				CLANG_WARN_DIRECT_OBJC_ISA_USAGE = YES_ERROR;
				CLANG_WARN_DOCUMENTATION_COMMENTS = YES;
				CLANG_WARN_EMPTY_BODY = YES;
				CLANG_WARN_ENUM_CONVERSION = YES;
				CLANG_WARN_INFINITE_RECURSION = YES;
				CLANG_WARN_INT_CONVERSION = YES;
				CLANG_WARN_NON_LITERAL_NULL_CONVERSION = YES;
				CLANG_WARN_OBJC_IMPLICIT_RETAIN_SELF = YES;
				CLANG_WARN_OBJC_LITERAL_CONVERSION = YES;
				CLANG_WARN_OBJC_ROOT_CLASS = YES_ERROR;
				CLANG_WARN_QUOTED_INCLUDE_IN_FRAMEWORK_HEADER = YES;
				CLANG_WARN_RANGE_LOOP_ANALYSIS = YES;
				CLANG_WARN_STRICT_PROTOTYPES = YES;
				CLANG_WARN_SUSPICIOUS_MOVE = YES;
				CLANG_WARN_UNGUARDED_AVAILABILITY = YES_AGGRESSIVE;
				CLANG_WARN_UNREACHABLE_CODE = YES;
				CLANG_WARN__DUPLICATE_METHOD_MATCH = YES;
				COPY_PHASE_STRIP = NO;
				DEBUG_INFORMATION_FORMAT = "dwarf-with-dsym";
				ENABLE_NS_ASSERTIONS = NO;
				ENABLE_STRICT_OBJC_MSGSEND = YES;
				GCC_C_LANGUAGE_STANDARD = gnu11;
				GCC_NO_COMMON_BLOCKS = YES;
				GCC_WARN_64_TO_32_BIT_CONVERSION = YES;
				GCC_WARN_ABOUT_RETURN_TYPE = YES_ERROR;
				GCC_WARN_UNDECLARED_SELECTOR = YES;
				GCC_WARN_UNINITIALIZED_AUTOS = YES_AGGRESSIVE;
				GCC_WARN_UNUSED_FUNCTION = YES;
				GCC_WARN_UNUSED_VARIABLE = YES;
				IPHONEOS_DEPLOYMENT_TARGET = 13.0;
				MTL_ENABLE_DEBUG_INFO = NO;
				MTL_FAST_MATH = YES;
				SDKROOT = iphoneos;
				VALIDATE_PRODUCT = YES;
			};
			name = Release;
		};
		4FCD508B28C5F02B00DAA260 /* Debug */ = {
			isa = XCBuildConfiguration;
			buildSettings = {
				ASSETCATALOG_COMPILER_APPICON_NAME = AppIcon;
				ASSETCATALOG_COMPILER_GLOBAL_ACCENT_COLOR_NAME = AccentColor;
				CODE_SIGN_ENTITLEMENTS = UISliderCustomTrack/UISliderCustomTrack.entitlements;
				CODE_SIGN_STYLE = Automatic;
				CURRENT_PROJECT_VERSION = 1;
				DEVELOPMENT_TEAM = P53D29U9LJ;
				GENERATE_INFOPLIST_FILE = YES;
				INFOPLIST_FILE = UISliderCustomTrack/Info.plist;
				INFOPLIST_KEY_UIApplicationSupportsIndirectInputEvents = YES;
				INFOPLIST_KEY_UILaunchStoryboardName = LaunchScreen;
				INFOPLIST_KEY_UISupportedInterfaceOrientations_iPad = "UIInterfaceOrientationPortrait UIInterfaceOrientationPortraitUpsideDown UIInterfaceOrientationLandscapeLeft UIInterfaceOrientationLandscapeRight";
				INFOPLIST_KEY_UISupportedInterfaceOrientations_iPhone = "UIInterfaceOrientationPortrait UIInterfaceOrientationLandscapeLeft UIInterfaceOrientationLandscapeRight";
				LD_RUNPATH_SEARCH_PATHS = (
					"$(inherited)",
					"@executable_path/Frameworks",
				);
				MARKETING_VERSION = 1.0;
				PRODUCT_BUNDLE_IDENTIFIER = com.pookjw.UISliderCustomTrack;
				PRODUCT_NAME = "$(TARGET_NAME)";
				SUPPORTED_PLATFORMS = "iphoneos iphonesimulator";
				SUPPORTS_MACCATALYST = YES;
				SUPPORTS_MAC_DESIGNED_FOR_IPHONE_IPAD = YES;
				SWIFT_EMIT_LOC_STRINGS = YES;
				TARGETED_DEVICE_FAMILY = "1,2";
			};
			name = Debug;
		};
		4FCD508C28C5F02B00DAA260 /* Release */ = {
			isa = XCBuildConfiguration;
			buildSettings = {
				ASSETCATALOG_COMPILER_APPICON_NAME = AppIcon;
				ASSETCATALOG_COMPILER_GLOBAL_ACCENT_COLOR_NAME = AccentColor;
				CODE_SIGN_ENTITLEMENTS = UISliderCustomTrack/UISliderCustomTrack.entitlements;
				CODE_SIGN_STYLE = Automatic;
				CURRENT_PROJECT_VERSION = 1;
				DEVELOPMENT_TEAM = P53D29U9LJ;
				GENERATE_INFOPLIST_FILE = YES;
				INFOPLIST_FILE = UISliderCustomTrack/Info.plist;
				INFOPLIST_KEY_UIApplicationSupportsIndirectInputEvents = YES;
				INFOPLIST_KEY_UILaunchStoryboardName = LaunchScreen;
				INFOPLIST_KEY_UISupportedInterfaceOrientations_iPad = "UIInterfaceOrientationPortrait UIInterfaceOrientationPortraitUpsideDown UIInterfaceOrientationLandscapeLeft UIInterfaceOrientationLandscapeRight";
				INFOPLIST_KEY_UISupportedInterfaceOrientations_iPhone = "UIInterfaceOrientationPortrait UIInterfaceOrientationLandscapeLeft UIInterfaceOrientationLandscapeRight";
				LD_RUNPATH_SEARCH_PATHS = (
					"$(inherited)",
					"@executable_path/Frameworks",
				);
				MARKETING_VERSION = 1.0;
				PRODUCT_BUNDLE_IDENTIFIER = com.pookjw.UISliderCustomTrack;
				PRODUCT_NAME = "$(TARGET_NAME)";
				SUPPORTED_PLATFORMS = "iphoneos iphonesimulator";
				SUPPORTS_MACCATALYST = YES;
				SUPPORTS_MAC_DESIGNED_FOR_IPHONE_IPAD = YES;
				SWIFT_EMIT_LOC_STRINGS = YES;
				TARGETED_DEVICE_FAMILY = "1,2";
			};
			name = Release;
		};
/* End XCBuildConfiguration section */

/* Begin XCConfigurationList section */
		4FCD506C28C5F02A00DAA260 /* Build configuration list for PBXProject "UISliderCustomTrack" */ = {
			isa = XCConfigurationList;
			buildConfigurations = (
				4FCD508828C5F02B00DAA260 /* Debug */,
				4FCD508928C5F02B00DAA260 /* Release */,
			);
			defaultConfigurationIsVisible = 0;
			defaultConfigurationName = Release;
		};
		4FCD508A28C5F02B00DAA260 /* Build configuration list for PBXNativeTarget "UISliderCustomTrack" */ = {
			isa = XCConfigurationList;
			buildConfigurations = (
				4FCD508B28C5F02B00DAA260 /* Debug */,
				4FCD508C28C5F02B00DAA260 /* Release */,
			);
			defaultConfigurationIsVisible = 0;
			defaultConfigurationName = Release;
		};
/* End XCConfigurationList section */
	};
	rootObject = 4FCD506928C5F02A00DAA260 /* Project object */;
}
